
Microsoft Visual Studio Solution File, Format Version 12.00
# Visual Studio Version 17
VisualStudioVersion = 17.3.32825.248
MinimumVisualStudioVersion = 10.0.40219.1
Project("{FAE04EC0-301F-11D3-BF4B-00C04F79EFBC}") = "O2_DosyalamaProjesi", "O2_DosyalamaProjesi\O2_DosyalamaProjesi.csproj", "{156484CA-7A0C-42C5-A9E5-53AD7FDB7398}"
EndProject
Project("{FAE04EC0-301F-11D3-BF4B-00C04F79EFBC}") = "DosyalamaProjesi.Arayüz", "DosyalamaProjesi.Arayüz\DosyalamaProjesi.Arayüz.csproj", "{764CD302-229B-40D9-BF2B-4FA68E647581}"
EndProject
Global
	GlobalSection(SolutionConfigurationPlatforms) = preSolution
		Debug|Any CPU = Debug|Any CPU
		Release|Any CPU = Release|Any CPU
	EndGlobalSection
	GlobalSection(ProjectConfigurationPlatforms) = postSolution
		{156484CA-7A0C-42C5-A9E5-53AD7FDB7398}.Debug|Any CPU.ActiveCfg = Debug|Any CPU
		{156484CA-7A0C-42C5-A9E5-53AD7FDB7398}.Debug|Any CPU.Build.0 = Debug|Any CPU
		{156484CA-7A0C-42C5-A9E5-53AD7FDB7398}.Release|Any CPU.ActiveCfg = Release|Any CPU
		{156484CA-7A0C-42C5-A9E5-53AD7FDB7398}.Release|Any CPU.Build.0 = Release|Any CPU
		{764CD302-229B-40D9-BF2B-4FA68E647581}.Debug|Any CPU.ActiveCfg = Debug|Any CPU
		{764CD302-229B-40D9-BF2B-4FA68E647581}.Debug|Any CPU.Build.0 = Debug|Any CPU
		{764CD302-229B-40D9-BF2B-4FA68E647581}.Release|Any CPU.ActiveCfg = Release|Any CPU
		{764CD302-229B-40D9-BF2B-4FA68E647581}.Release|Any CPU.Build.0 = Release|Any CPU
	EndGlobalSection
	GlobalSection(SolutionProperties) = preSolution
		HideSolutionNode = FALSE
	EndGlobalSection
	GlobalSection(ExtensibilityGlobals) = postSolution
		SolutionGuid = {B126AC26-3F55-4C11-B00E-EE2A5125A205}
	EndGlobalSection
EndGlobal
